
Microsoft Visual Studio Solution File, Format Version 12.00
# Visual Studio 15
VisualStudioVersion = 15.0.27130.2010
MinimumVisualStudioVersion = 10.0.40219.1
Project("{8BC9CEB8-8B4A-11D0-8D11-00A0C91BC942}") = "problem02", "problem02\problem02.vcxproj", "{BE0A30C0-75FF-4CF8-93CF-9A2D04AADCD7}"
EndProject
Global
	GlobalSection(SolutionConfigurationPlatforms) = preSolution
		Debug|x64 = Debug|x64
		Debug|x86 = Debug|x86
		Release|x64 = Release|x64
		Release|x86 = Release|x86
	EndGlobalSection
	GlobalSection(ProjectConfigurationPlatforms) = postSolution
		{BE0A30C0-75FF-4CF8-93CF-9A2D04AADCD7}.Debug|x64.ActiveCfg = Debug|x64
		{BE0A30C0-75FF-4CF8-93CF-9A2D04AADCD7}.Debug|x64.Build.0 = Debug|x64
		{BE0A30C0-75FF-4CF8-93CF-9A2D04AADCD7}.Debug|x86.ActiveCfg = Debug|Win32
		{BE0A30C0-75FF-4CF8-93CF-9A2D04AADCD7}.Debug|x86.Build.0 = Debug|Win32
		{BE0A30C0-75FF-4CF8-93CF-9A2D04AADCD7}.Release|x64.ActiveCfg = Release|x64
		{BE0A30C0-75FF-4CF8-93CF-9A2D04AADCD7}.Release|x64.Build.0 = Release|x64
		{BE0A30C0-75FF-4CF8-93CF-9A2D04AADCD7}.Release|x86.ActiveCfg = Release|Win32
		{BE0A30C0-75FF-4CF8-93CF-9A2D04AADCD7}.Release|x86.Build.0 = Release|Win32
	EndGlobalSection
	GlobalSection(SolutionProperties) = preSolution
		HideSolutionNode = FALSE
	EndGlobalSection
	GlobalSection(ExtensibilityGlobals) = postSolution
		SolutionGuid = {A30F8E6E-0A41-443A-9697-6AA78262B7A8}
	EndGlobalSection
EndGlobal
