
Microsoft Visual Studio Solution File, Format Version 12.00
# Visual Studio 15
VisualStudioVersion = 15.0.27130.2010
MinimumVisualStudioVersion = 10.0.40219.1
Project("{8BC9CEB8-8B4A-11D0-8D11-00A0C91BC942}") = "02_struct+heap", "02_struct+heap\02_struct+heap.vcxproj", "{EDF03FBD-5894-4B85-83EC-39252BE987CF}"
EndProject
Global
	GlobalSection(SolutionConfigurationPlatforms) = preSolution
		Debug|x64 = Debug|x64
		Debug|x86 = Debug|x86
		Release|x64 = Release|x64
		Release|x86 = Release|x86
	EndGlobalSection
	GlobalSection(ProjectConfigurationPlatforms) = postSolution
		{EDF03FBD-5894-4B85-83EC-39252BE987CF}.Debug|x64.ActiveCfg = Debug|x64
		{EDF03FBD-5894-4B85-83EC-39252BE987CF}.Debug|x64.Build.0 = Debug|x64
		{EDF03FBD-5894-4B85-83EC-39252BE987CF}.Debug|x86.ActiveCfg = Debug|Win32
		{EDF03FBD-5894-4B85-83EC-39252BE987CF}.Debug|x86.Build.0 = Debug|Win32
		{EDF03FBD-5894-4B85-83EC-39252BE987CF}.Release|x64.ActiveCfg = Release|x64
		{EDF03FBD-5894-4B85-83EC-39252BE987CF}.Release|x64.Build.0 = Release|x64
		{EDF03FBD-5894-4B85-83EC-39252BE987CF}.Release|x86.ActiveCfg = Release|Win32
		{EDF03FBD-5894-4B85-83EC-39252BE987CF}.Release|x86.Build.0 = Release|Win32
	EndGlobalSection
	GlobalSection(SolutionProperties) = preSolution
		HideSolutionNode = FALSE
	EndGlobalSection
	GlobalSection(ExtensibilityGlobals) = postSolution
		SolutionGuid = {11546703-783E-43A2-91C5-2C4983DDC1B7}
	EndGlobalSection
EndGlobal
