
Microsoft Visual Studio Solution File, Format Version 12.00
# Visual Studio 15
VisualStudioVersion = 15.0.27130.2010
MinimumVisualStudioVersion = 10.0.40219.1
Project("{8BC9CEB8-8B4A-11D0-8D11-00A0C91BC942}") = "01_strduplicate", "01_strduplicate\01_strduplicate.vcxproj", "{ECF7E4E6-3BC1-4AD7-8CD1-0E5C64844859}"
EndProject
Global
	GlobalSection(SolutionConfigurationPlatforms) = preSolution
		Debug|x64 = Debug|x64
		Debug|x86 = Debug|x86
		Release|x64 = Release|x64
		Release|x86 = Release|x86
	EndGlobalSection
	GlobalSection(ProjectConfigurationPlatforms) = postSolution
		{ECF7E4E6-3BC1-4AD7-8CD1-0E5C64844859}.Debug|x64.ActiveCfg = Debug|x64
		{ECF7E4E6-3BC1-4AD7-8CD1-0E5C64844859}.Debug|x64.Build.0 = Debug|x64
		{ECF7E4E6-3BC1-4AD7-8CD1-0E5C64844859}.Debug|x86.ActiveCfg = Debug|Win32
		{ECF7E4E6-3BC1-4AD7-8CD1-0E5C64844859}.Debug|x86.Build.0 = Debug|Win32
		{ECF7E4E6-3BC1-4AD7-8CD1-0E5C64844859}.Release|x64.ActiveCfg = Release|x64
		{ECF7E4E6-3BC1-4AD7-8CD1-0E5C64844859}.Release|x64.Build.0 = Release|x64
		{ECF7E4E6-3BC1-4AD7-8CD1-0E5C64844859}.Release|x86.ActiveCfg = Release|Win32
		{ECF7E4E6-3BC1-4AD7-8CD1-0E5C64844859}.Release|x86.Build.0 = Release|Win32
	EndGlobalSection
	GlobalSection(SolutionProperties) = preSolution
		HideSolutionNode = FALSE
	EndGlobalSection
	GlobalSection(ExtensibilityGlobals) = postSolution
		SolutionGuid = {9A65D462-F515-431C-902E-BAE5828C86A3}
	EndGlobalSection
EndGlobal
